
Microsoft Visual Studio Solution File, Format Version 12.00
# Visual Studio Version 16
VisualStudioVersion = 16.0.30907.101
MinimumVisualStudioVersion = 10.0.40219.1
Project("{FAE04EC0-301F-11D3-BF4B-00C04F79EFBC}") = "laba5", "laba5\laba5.csproj", "{3DB96586-A568-4099-8FD0-1B674E5F0DDD}"
EndProject
Global
	GlobalSection(SolutionConfigurationPlatforms) = preSolution
		Debug|Any CPU = Debug|Any CPU
		Release|Any CPU = Release|Any CPU
	EndGlobalSection
	GlobalSection(ProjectConfigurationPlatforms) = postSolution
		{3DB96586-A568-4099-8FD0-1B674E5F0DDD}.Debug|Any CPU.ActiveCfg = Debug|Any CPU
		{3DB96586-A568-4099-8FD0-1B674E5F0DDD}.Debug|Any CPU.Build.0 = Debug|Any CPU
		{3DB96586-A568-4099-8FD0-1B674E5F0DDD}.Release|Any CPU.ActiveCfg = Release|Any CPU
		{3DB96586-A568-4099-8FD0-1B674E5F0DDD}.Release|Any CPU.Build.0 = Release|Any CPU
	EndGlobalSection
	GlobalSection(SolutionProperties) = preSolution
		HideSolutionNode = FALSE
	EndGlobalSection
	GlobalSection(ExtensibilityGlobals) = postSolution
		SolutionGuid = {C73ADDEA-B284-4815-AFA9-58C97ACBB6F0}
	EndGlobalSection
EndGlobal
